
Microsoft Visual Studio Solution File, Format Version 12.00
# Visual Studio Version 16
VisualStudioVersion = 16.0.31129.286
MinimumVisualStudioVersion = 10.0.40219.1
Project("{FAE04EC0-301F-11D3-BF4B-00C04F79EFBC}") = "Kółko i krzyżyk", "Kółko i krzyżyk\Kółko i krzyżyk.csproj", "{79960809-340A-4149-A876-42F7D7937C5B}"
EndProject
Global
	GlobalSection(SolutionConfigurationPlatforms) = preSolution
		Debug|Any CPU = Debug|Any CPU
		Release|Any CPU = Release|Any CPU
	EndGlobalSection
	GlobalSection(ProjectConfigurationPlatforms) = postSolution
		{79960809-340A-4149-A876-42F7D7937C5B}.Debug|Any CPU.ActiveCfg = Debug|Any CPU
		{79960809-340A-4149-A876-42F7D7937C5B}.Debug|Any CPU.Build.0 = Debug|Any CPU
		{79960809-340A-4149-A876-42F7D7937C5B}.Release|Any CPU.ActiveCfg = Release|Any CPU
		{79960809-340A-4149-A876-42F7D7937C5B}.Release|Any CPU.Build.0 = Release|Any CPU
	EndGlobalSection
	GlobalSection(SolutionProperties) = preSolution
		HideSolutionNode = FALSE
	EndGlobalSection
	GlobalSection(ExtensibilityGlobals) = postSolution
		SolutionGuid = {0C38EAAC-9B4A-4024-A2A4-1E318DE2B640}
	EndGlobalSection
EndGlobal
